
Microsoft Visual Studio Solution File, Format Version 12.00
# Visual Studio 15
VisualStudioVersion = 15.0.28307.572
MinimumVisualStudioVersion = 10.0.40219.1
Project("{FAE04EC0-301F-11D3-BF4B-00C04F79EFBC}") = "Reserva", "Reserva\Reserva.csproj", "{E1585967-DCEC-4D1C-B076-3B95AFDF47B1}"
EndProject
Global
	GlobalSection(SolutionConfigurationPlatforms) = preSolution
		Debug|Any CPU = Debug|Any CPU
		Release|Any CPU = Release|Any CPU
	EndGlobalSection
	GlobalSection(ProjectConfigurationPlatforms) = postSolution
		{E1585967-DCEC-4D1C-B076-3B95AFDF47B1}.Debug|Any CPU.ActiveCfg = Debug|Any CPU
		{E1585967-DCEC-4D1C-B076-3B95AFDF47B1}.Debug|Any CPU.Build.0 = Debug|Any CPU
		{E1585967-DCEC-4D1C-B076-3B95AFDF47B1}.Release|Any CPU.ActiveCfg = Release|Any CPU
		{E1585967-DCEC-4D1C-B076-3B95AFDF47B1}.Release|Any CPU.Build.0 = Release|Any CPU
	EndGlobalSection
	GlobalSection(SolutionProperties) = preSolution
		HideSolutionNode = FALSE
	EndGlobalSection
	GlobalSection(ExtensibilityGlobals) = postSolution
		SolutionGuid = {B6572303-A877-4D36-8DA1-68FF7149EA9B}
	EndGlobalSection
EndGlobal
